
Microsoft Visual Studio Solution File, Format Version 12.00
# Visual Studio 14
VisualStudioVersion = 14.0.24720.0
MinimumVisualStudioVersion = 10.0.40219.1
Project("{FAE04EC0-301F-11D3-BF4B-00C04F79EFBC}") = "XamarinPersonalPortfolio.Droid", "XamarinPersonalPortfolio\XamarinPersonalPortfolio.Droid\XamarinPersonalPortfolio.Droid.csproj", "{1B0F5256-D398-4DEB-A7E8-6C9B68F6FA1A}"
EndProject
Project("{FAE04EC0-301F-11D3-BF4B-00C04F79EFBC}") = "XamarinPersonalPortfolio.iOS", "XamarinPersonalPortfolio\XamarinPersonalPortfolio.iOS\XamarinPersonalPortfolio.iOS.csproj", "{53C814C0-FC33-461D-9621-BCB499146325}"
EndProject
Project("{FAE04EC0-301F-11D3-BF4B-00C04F79EFBC}") = "XamarinPersonalPortfolio.WinPhone", "XamarinPersonalPortfolio\XamarinPersonalPortfolio.WinPhone\XamarinPersonalPortfolio.WinPhone.csproj", "{874C9CAF-BEA8-4ECC-97A9-A31CCFDE9A5C}"
EndProject
Project("{FAE04EC0-301F-11D3-BF4B-00C04F79EFBC}") = "XamarinPersonalPortfolio.UWP", "XamarinPersonalPortfolio\XamarinPersonalPortfolio.UWP\XamarinPersonalPortfolio.UWP.csproj", "{3C094414-D140-4CA4-B3B3-88084296322E}"
EndProject
Project("{FAE04EC0-301F-11D3-BF4B-00C04F79EFBC}") = "XamarinPersonalPortfolio.Windows", "XamarinPersonalPortfolio\XamarinPersonalPortfolio.Windows\XamarinPersonalPortfolio.Windows.csproj", "{AAE55887-C035-4CA2-9C3C-6459CA7CC1DF}"
EndProject
Project("{FAE04EC0-301F-11D3-BF4B-00C04F79EFBC}") = "XamarinPersonalPortfolio", "XamarinPersonalPortfolio\XamarinPersonalPortfolio\XamarinPersonalPortfolio.csproj", "{A7EA3FC7-6702-45CB-BE32-A890BBDCA236}"
EndProject
Global
	GlobalSection(SolutionConfigurationPlatforms) = preSolution
		Ad-Hoc|Any CPU = Ad-Hoc|Any CPU
		Ad-Hoc|ARM = Ad-Hoc|ARM
		Ad-Hoc|iPhone = Ad-Hoc|iPhone
		Ad-Hoc|iPhoneSimulator = Ad-Hoc|iPhoneSimulator
		Ad-Hoc|x64 = Ad-Hoc|x64
		Ad-Hoc|x86 = Ad-Hoc|x86
		AppStore|Any CPU = AppStore|Any CPU
		AppStore|ARM = AppStore|ARM
		AppStore|iPhone = AppStore|iPhone
		AppStore|iPhoneSimulator = AppStore|iPhoneSimulator
		AppStore|x64 = AppStore|x64
		AppStore|x86 = AppStore|x86
		Debug|Any CPU = Debug|Any CPU
		Debug|ARM = Debug|ARM
		Debug|iPhone = Debug|iPhone
		Debug|iPhoneSimulator = Debug|iPhoneSimulator
		Debug|x64 = Debug|x64
		Debug|x86 = Debug|x86
		Release|Any CPU = Release|Any CPU
		Release|ARM = Release|ARM
		Release|iPhone = Release|iPhone
		Release|iPhoneSimulator = Release|iPhoneSimulator
		Release|x64 = Release|x64
		Release|x86 = Release|x86
	EndGlobalSection
	GlobalSection(ProjectConfigurationPlatforms) = postSolution
		{1B0F5256-D398-4DEB-A7E8-6C9B68F6FA1A}.Ad-Hoc|Any CPU.ActiveCfg = Release|Any CPU
		{1B0F5256-D398-4DEB-A7E8-6C9B68F6FA1A}.Ad-Hoc|Any CPU.Build.0 = Release|Any CPU
		{1B0F5256-D398-4DEB-A7E8-6C9B68F6FA1A}.Ad-Hoc|Any CPU.Deploy.0 = Release|Any CPU
		{1B0F5256-D398-4DEB-A7E8-6C9B68F6FA1A}.Ad-Hoc|ARM.ActiveCfg = Release|Any CPU
		{1B0F5256-D398-4DEB-A7E8-6C9B68F6FA1A}.Ad-Hoc|ARM.Build.0 = Release|Any CPU
		{1B0F5256-D398-4DEB-A7E8-6C9B68F6FA1A}.Ad-Hoc|ARM.Deploy.0 = Release|Any CPU
		{1B0F5256-D398-4DEB-A7E8-6C9B68F6FA1A}.Ad-Hoc|iPhone.ActiveCfg = Release|Any CPU
		{1B0F5256-D398-4DEB-A7E8-6C9B68F6FA1A}.Ad-Hoc|iPhone.Build.0 = Release|Any CPU
		{1B0F5256-D398-4DEB-A7E8-6C9B68F6FA1A}.Ad-Hoc|iPhone.Deploy.0 = Release|Any CPU
		{1B0F5256-D398-4DEB-A7E8-6C9B68F6FA1A}.Ad-Hoc|iPhoneSimulator.ActiveCfg = Release|Any CPU
		{1B0F5256-D398-4DEB-A7E8-6C9B68F6FA1A}.Ad-Hoc|iPhoneSimulator.Build.0 = Release|Any CPU
		{1B0F5256-D398-4DEB-A7E8-6C9B68F6FA1A}.Ad-Hoc|iPhoneSimulator.Deploy.0 = Release|Any CPU
		{1B0F5256-D398-4DEB-A7E8-6C9B68F6FA1A}.Ad-Hoc|x64.ActiveCfg = Release|Any CPU
		{1B0F5256-D398-4DEB-A7E8-6C9B68F6FA1A}.Ad-Hoc|x64.Build.0 = Release|Any CPU
		{1B0F5256-D398-4DEB-A7E8-6C9B68F6FA1A}.Ad-Hoc|x64.Deploy.0 = Release|Any CPU
		{1B0F5256-D398-4DEB-A7E8-6C9B68F6FA1A}.Ad-Hoc|x86.ActiveCfg = Release|Any CPU
		{1B0F5256-D398-4DEB-A7E8-6C9B68F6FA1A}.Ad-Hoc|x86.Build.0 = Release|Any CPU
		{1B0F5256-D398-4DEB-A7E8-6C9B68F6FA1A}.Ad-Hoc|x86.Deploy.0 = Release|Any CPU
		{1B0F5256-D398-4DEB-A7E8-6C9B68F6FA1A}.AppStore|Any CPU.ActiveCfg = Release|Any CPU
		{1B0F5256-D398-4DEB-A7E8-6C9B68F6FA1A}.AppStore|Any CPU.Build.0 = Release|Any CPU
		{1B0F5256-D398-4DEB-A7E8-6C9B68F6FA1A}.AppStore|Any CPU.Deploy.0 = Release|Any CPU
		{1B0F5256-D398-4DEB-A7E8-6C9B68F6FA1A}.AppStore|ARM.ActiveCfg = Release|Any CPU
		{1B0F5256-D398-4DEB-A7E8-6C9B68F6FA1A}.AppStore|ARM.Build.0 = Release|Any CPU
		{1B0F5256-D398-4DEB-A7E8-6C9B68F6FA1A}.AppStore|ARM.Deploy.0 = Release|Any CPU
		{1B0F5256-D398-4DEB-A7E8-6C9B68F6FA1A}.AppStore|iPhone.ActiveCfg = Release|Any CPU
		{1B0F5256-D398-4DEB-A7E8-6C9B68F6FA1A}.AppStore|iPhone.Build.0 = Release|Any CPU
		{1B0F5256-D398-4DEB-A7E8-6C9B68F6FA1A}.AppStore|iPhone.Deploy.0 = Release|Any CPU
		{1B0F5256-D398-4DEB-A7E8-6C9B68F6FA1A}.AppStore|iPhoneSimulator.ActiveCfg = Release|Any CPU
		{1B0F5256-D398-4DEB-A7E8-6C9B68F6FA1A}.AppStore|iPhoneSimulator.Build.0 = Release|Any CPU
		{1B0F5256-D398-4DEB-A7E8-6C9B68F6FA1A}.AppStore|iPhoneSimulator.Deploy.0 = Release|Any CPU
		{1B0F5256-D398-4DEB-A7E8-6C9B68F6FA1A}.AppStore|x64.ActiveCfg = Release|Any CPU
		{1B0F5256-D398-4DEB-A7E8-6C9B68F6FA1A}.AppStore|x64.Build.0 = Release|Any CPU
		{1B0F5256-D398-4DEB-A7E8-6C9B68F6FA1A}.AppStore|x64.Deploy.0 = Release|Any CPU
		{1B0F5256-D398-4DEB-A7E8-6C9B68F6FA1A}.AppStore|x86.ActiveCfg = Release|Any CPU
		{1B0F5256-D398-4DEB-A7E8-6C9B68F6FA1A}.AppStore|x86.Build.0 = Release|Any CPU
		{1B0F5256-D398-4DEB-A7E8-6C9B68F6FA1A}.AppStore|x86.Deploy.0 = Release|Any CPU
		{1B0F5256-D398-4DEB-A7E8-6C9B68F6FA1A}.Debug|Any CPU.ActiveCfg = Debug|Any CPU
		{1B0F5256-D398-4DEB-A7E8-6C9B68F6FA1A}.Debug|ARM.ActiveCfg = Debug|Any CPU
		{1B0F5256-D398-4DEB-A7E8-6C9B68F6FA1A}.Debug|ARM.Build.0 = Debug|Any CPU
		{1B0F5256-D398-4DEB-A7E8-6C9B68F6FA1A}.Debug|ARM.Deploy.0 = Debug|Any CPU
		{1B0F5256-D398-4DEB-A7E8-6C9B68F6FA1A}.Debug|iPhone.ActiveCfg = Debug|Any CPU
		{1B0F5256-D398-4DEB-A7E8-6C9B68F6FA1A}.Debug|iPhone.Build.0 = Debug|Any CPU
		{1B0F5256-D398-4DEB-A7E8-6C9B68F6FA1A}.Debug|iPhone.Deploy.0 = Debug|Any CPU
		{1B0F5256-D398-4DEB-A7E8-6C9B68F6FA1A}.Debug|iPhoneSimulator.ActiveCfg = Debug|Any CPU
		{1B0F5256-D398-4DEB-A7E8-6C9B68F6FA1A}.Debug|iPhoneSimulator.Build.0 = Debug|Any CPU
		{1B0F5256-D398-4DEB-A7E8-6C9B68F6FA1A}.Debug|iPhoneSimulator.Deploy.0 = Debug|Any CPU
		{1B0F5256-D398-4DEB-A7E8-6C9B68F6FA1A}.Debug|x64.ActiveCfg = Debug|Any CPU
		{1B0F5256-D398-4DEB-A7E8-6C9B68F6FA1A}.Debug|x64.Build.0 = Debug|Any CPU
		{1B0F5256-D398-4DEB-A7E8-6C9B68F6FA1A}.Debug|x64.Deploy.0 = Debug|Any CPU
		{1B0F5256-D398-4DEB-A7E8-6C9B68F6FA1A}.Debug|x86.ActiveCfg = Debug|Any CPU
		{1B0F5256-D398-4DEB-A7E8-6C9B68F6FA1A}.Release|Any CPU.ActiveCfg = Release|Any CPU
		{1B0F5256-D398-4DEB-A7E8-6C9B68F6FA1A}.Release|Any CPU.Build.0 = Release|Any CPU
		{1B0F5256-D398-4DEB-A7E8-6C9B68F6FA1A}.Release|Any CPU.Deploy.0 = Release|Any CPU
		{1B0F5256-D398-4DEB-A7E8-6C9B68F6FA1A}.Release|ARM.ActiveCfg = Release|Any CPU
		{1B0F5256-D398-4DEB-A7E8-6C9B68F6FA1A}.Release|ARM.Build.0 = Release|Any CPU
		{1B0F5256-D398-4DEB-A7E8-6C9B68F6FA1A}.Release|ARM.Deploy.0 = Release|Any CPU
		{1B0F5256-D398-4DEB-A7E8-6C9B68F6FA1A}.Release|iPhone.ActiveCfg = Release|Any CPU
		{1B0F5256-D398-4DEB-A7E8-6C9B68F6FA1A}.Release|iPhone.Build.0 = Release|Any CPU
		{1B0F5256-D398-4DEB-A7E8-6C9B68F6FA1A}.Release|iPhone.Deploy.0 = Release|Any CPU
		{1B0F5256-D398-4DEB-A7E8-6C9B68F6FA1A}.Release|iPhoneSimulator.ActiveCfg = Release|Any CPU
		{1B0F5256-D398-4DEB-A7E8-6C9B68F6FA1A}.Release|iPhoneSimulator.Build.0 = Release|Any CPU
		{1B0F5256-D398-4DEB-A7E8-6C9B68F6FA1A}.Release|iPhoneSimulator.Deploy.0 = Release|Any CPU
		{1B0F5256-D398-4DEB-A7E8-6C9B68F6FA1A}.Release|x64.ActiveCfg = Release|Any CPU
		{1B0F5256-D398-4DEB-A7E8-6C9B68F6FA1A}.Release|x64.Build.0 = Release|Any CPU
		{1B0F5256-D398-4DEB-A7E8-6C9B68F6FA1A}.Release|x64.Deploy.0 = Release|Any CPU
		{1B0F5256-D398-4DEB-A7E8-6C9B68F6FA1A}.Release|x86.ActiveCfg = Release|Any CPU
		{1B0F5256-D398-4DEB-A7E8-6C9B68F6FA1A}.Release|x86.Build.0 = Release|Any CPU
		{1B0F5256-D398-4DEB-A7E8-6C9B68F6FA1A}.Release|x86.Deploy.0 = Release|Any CPU
		{53C814C0-FC33-461D-9621-BCB499146325}.Ad-Hoc|Any CPU.ActiveCfg = Ad-Hoc|iPhone
		{53C814C0-FC33-461D-9621-BCB499146325}.Ad-Hoc|ARM.ActiveCfg = Ad-Hoc|iPhone
		{53C814C0-FC33-461D-9621-BCB499146325}.Ad-Hoc|iPhone.ActiveCfg = Ad-Hoc|iPhone
		{53C814C0-FC33-461D-9621-BCB499146325}.Ad-Hoc|iPhone.Build.0 = Ad-Hoc|iPhone
		{53C814C0-FC33-461D-9621-BCB499146325}.Ad-Hoc|iPhoneSimulator.ActiveCfg = Ad-Hoc|iPhoneSimulator
		{53C814C0-FC33-461D-9621-BCB499146325}.Ad-Hoc|iPhoneSimulator.Build.0 = Ad-Hoc|iPhoneSimulator
		{53C814C0-FC33-461D-9621-BCB499146325}.Ad-Hoc|x64.ActiveCfg = Ad-Hoc|iPhone
		{53C814C0-FC33-461D-9621-BCB499146325}.Ad-Hoc|x86.ActiveCfg = Ad-Hoc|iPhone
		{53C814C0-FC33-461D-9621-BCB499146325}.AppStore|Any CPU.ActiveCfg = AppStore|iPhone
		{53C814C0-FC33-461D-9621-BCB499146325}.AppStore|ARM.ActiveCfg = AppStore|iPhone
		{53C814C0-FC33-461D-9621-BCB499146325}.AppStore|iPhone.ActiveCfg = AppStore|iPhone
		{53C814C0-FC33-461D-9621-BCB499146325}.AppStore|iPhone.Build.0 = AppStore|iPhone
		{53C814C0-FC33-461D-9621-BCB499146325}.AppStore|iPhoneSimulator.ActiveCfg = AppStore|iPhoneSimulator
		{53C814C0-FC33-461D-9621-BCB499146325}.AppStore|iPhoneSimulator.Build.0 = AppStore|iPhoneSimulator
		{53C814C0-FC33-461D-9621-BCB499146325}.AppStore|x64.ActiveCfg = AppStore|iPhone
		{53C814C0-FC33-461D-9621-BCB499146325}.AppStore|x86.ActiveCfg = AppStore|iPhone
		{53C814C0-FC33-461D-9621-BCB499146325}.Debug|Any CPU.ActiveCfg = Debug|iPhone
		{53C814C0-FC33-461D-9621-BCB499146325}.Debug|ARM.ActiveCfg = Debug|iPhone
		{53C814C0-FC33-461D-9621-BCB499146325}.Debug|iPhone.ActiveCfg = Debug|iPhone
		{53C814C0-FC33-461D-9621-BCB499146325}.Debug|iPhone.Build.0 = Debug|iPhone
		{53C814C0-FC33-461D-9621-BCB499146325}.Debug|iPhoneSimulator.ActiveCfg = Debug|iPhoneSimulator
		{53C814C0-FC33-461D-9621-BCB499146325}.Debug|iPhoneSimulator.Build.0 = Debug|iPhoneSimulator
		{53C814C0-FC33-461D-9621-BCB499146325}.Debug|x64.ActiveCfg = Debug|iPhone
		{53C814C0-FC33-461D-9621-BCB499146325}.Debug|x86.ActiveCfg = Debug|iPhone
		{53C814C0-FC33-461D-9621-BCB499146325}.Release|Any CPU.ActiveCfg = Release|iPhone
		{53C814C0-FC33-461D-9621-BCB499146325}.Release|ARM.ActiveCfg = Release|iPhone
		{53C814C0-FC33-461D-9621-BCB499146325}.Release|iPhone.ActiveCfg = Release|iPhone
		{53C814C0-FC33-461D-9621-BCB499146325}.Release|iPhone.Build.0 = Release|iPhone
		{53C814C0-FC33-461D-9621-BCB499146325}.Release|iPhoneSimulator.ActiveCfg = Release|iPhoneSimulator
		{53C814C0-FC33-461D-9621-BCB499146325}.Release|iPhoneSimulator.Build.0 = Release|iPhoneSimulator
		{53C814C0-FC33-461D-9621-BCB499146325}.Release|x64.ActiveCfg = Release|iPhone
		{53C814C0-FC33-461D-9621-BCB499146325}.Release|x86.ActiveCfg = Release|iPhone
		{874C9CAF-BEA8-4ECC-97A9-A31CCFDE9A5C}.Ad-Hoc|Any CPU.ActiveCfg = Release|Any CPU
		{874C9CAF-BEA8-4ECC-97A9-A31CCFDE9A5C}.Ad-Hoc|Any CPU.Build.0 = Release|Any CPU
		{874C9CAF-BEA8-4ECC-97A9-A31CCFDE9A5C}.Ad-Hoc|Any CPU.Deploy.0 = Release|Any CPU
		{874C9CAF-BEA8-4ECC-97A9-A31CCFDE9A5C}.Ad-Hoc|ARM.ActiveCfg = Release|ARM
		{874C9CAF-BEA8-4ECC-97A9-A31CCFDE9A5C}.Ad-Hoc|ARM.Build.0 = Release|ARM
		{874C9CAF-BEA8-4ECC-97A9-A31CCFDE9A5C}.Ad-Hoc|ARM.Deploy.0 = Release|ARM
		{874C9CAF-BEA8-4ECC-97A9-A31CCFDE9A5C}.Ad-Hoc|iPhone.ActiveCfg = Release|Any CPU
		{874C9CAF-BEA8-4ECC-97A9-A31CCFDE9A5C}.Ad-Hoc|iPhone.Build.0 = Release|Any CPU
		{874C9CAF-BEA8-4ECC-97A9-A31CCFDE9A5C}.Ad-Hoc|iPhone.Deploy.0 = Release|Any CPU
		{874C9CAF-BEA8-4ECC-97A9-A31CCFDE9A5C}.Ad-Hoc|iPhoneSimulator.ActiveCfg = Release|Any CPU
		{874C9CAF-BEA8-4ECC-97A9-A31CCFDE9A5C}.Ad-Hoc|iPhoneSimulator.Build.0 = Release|Any CPU
		{874C9CAF-BEA8-4ECC-97A9-A31CCFDE9A5C}.Ad-Hoc|iPhoneSimulator.Deploy.0 = Release|Any CPU
		{874C9CAF-BEA8-4ECC-97A9-A31CCFDE9A5C}.Ad-Hoc|x64.ActiveCfg = Release|Any CPU
		{874C9CAF-BEA8-4ECC-97A9-A31CCFDE9A5C}.Ad-Hoc|x64.Build.0 = Release|Any CPU
		{874C9CAF-BEA8-4ECC-97A9-A31CCFDE9A5C}.Ad-Hoc|x64.Deploy.0 = Release|Any CPU
		{874C9CAF-BEA8-4ECC-97A9-A31CCFDE9A5C}.Ad-Hoc|x86.ActiveCfg = Release|x86
		{874C9CAF-BEA8-4ECC-97A9-A31CCFDE9A5C}.Ad-Hoc|x86.Build.0 = Release|x86
		{874C9CAF-BEA8-4ECC-97A9-A31CCFDE9A5C}.Ad-Hoc|x86.Deploy.0 = Release|x86
		{874C9CAF-BEA8-4ECC-97A9-A31CCFDE9A5C}.AppStore|Any CPU.ActiveCfg = Release|Any CPU
		{874C9CAF-BEA8-4ECC-97A9-A31CCFDE9A5C}.AppStore|Any CPU.Build.0 = Release|Any CPU
		{874C9CAF-BEA8-4ECC-97A9-A31CCFDE9A5C}.AppStore|Any CPU.Deploy.0 = Release|Any CPU
		{874C9CAF-BEA8-4ECC-97A9-A31CCFDE9A5C}.AppStore|ARM.ActiveCfg = Release|ARM
		{874C9CAF-BEA8-4ECC-97A9-A31CCFDE9A5C}.AppStore|ARM.Build.0 = Release|ARM
		{874C9CAF-BEA8-4ECC-97A9-A31CCFDE9A5C}.AppStore|ARM.Deploy.0 = Release|ARM
		{874C9CAF-BEA8-4ECC-97A9-A31CCFDE9A5C}.AppStore|iPhone.ActiveCfg = Release|Any CPU
		{874C9CAF-BEA8-4ECC-97A9-A31CCFDE9A5C}.AppStore|iPhone.Build.0 = Release|Any CPU
		{874C9CAF-BEA8-4ECC-97A9-A31CCFDE9A5C}.AppStore|iPhone.Deploy.0 = Release|Any CPU
		{874C9CAF-BEA8-4ECC-97A9-A31CCFDE9A5C}.AppStore|iPhoneSimulator.ActiveCfg = Release|Any CPU
		{874C9CAF-BEA8-4ECC-97A9-A31CCFDE9A5C}.AppStore|iPhoneSimulator.Build.0 = Release|Any CPU
		{874C9CAF-BEA8-4ECC-97A9-A31CCFDE9A5C}.AppStore|iPhoneSimulator.Deploy.0 = Release|Any CPU
		{874C9CAF-BEA8-4ECC-97A9-A31CCFDE9A5C}.AppStore|x64.ActiveCfg = Release|Any CPU
		{874C9CAF-BEA8-4ECC-97A9-A31CCFDE9A5C}.AppStore|x64.Build.0 = Release|Any CPU
		{874C9CAF-BEA8-4ECC-97A9-A31CCFDE9A5C}.AppStore|x64.Deploy.0 = Release|Any CPU
		{874C9CAF-BEA8-4ECC-97A9-A31CCFDE9A5C}.AppStore|x86.ActiveCfg = Release|x86
		{874C9CAF-BEA8-4ECC-97A9-A31CCFDE9A5C}.AppStore|x86.Build.0 = Release|x86
		{874C9CAF-BEA8-4ECC-97A9-A31CCFDE9A5C}.AppStore|x86.Deploy.0 = Release|x86
		{874C9CAF-BEA8-4ECC-97A9-A31CCFDE9A5C}.Debug|Any CPU.ActiveCfg = Debug|Any CPU
		{874C9CAF-BEA8-4ECC-97A9-A31CCFDE9A5C}.Debug|Any CPU.Build.0 = Debug|Any CPU
		{874C9CAF-BEA8-4ECC-97A9-A31CCFDE9A5C}.Debug|Any CPU.Deploy.0 = Debug|Any CPU
		{874C9CAF-BEA8-4ECC-97A9-A31CCFDE9A5C}.Debug|ARM.ActiveCfg = Debug|ARM
		{874C9CAF-BEA8-4ECC-97A9-A31CCFDE9A5C}.Debug|ARM.Build.0 = Debug|ARM
		{874C9CAF-BEA8-4ECC-97A9-A31CCFDE9A5C}.Debug|ARM.Deploy.0 = Debug|ARM
		{874C9CAF-BEA8-4ECC-97A9-A31CCFDE9A5C}.Debug|iPhone.ActiveCfg = Debug|Any CPU
		{874C9CAF-BEA8-4ECC-97A9-A31CCFDE9A5C}.Debug|iPhone.Build.0 = Debug|Any CPU
		{874C9CAF-BEA8-4ECC-97A9-A31CCFDE9A5C}.Debug|iPhone.Deploy.0 = Debug|Any CPU
		{874C9CAF-BEA8-4ECC-97A9-A31CCFDE9A5C}.Debug|iPhoneSimulator.ActiveCfg = Debug|Any CPU
		{874C9CAF-BEA8-4ECC-97A9-A31CCFDE9A5C}.Debug|iPhoneSimulator.Build.0 = Debug|Any CPU
		{874C9CAF-BEA8-4ECC-97A9-A31CCFDE9A5C}.Debug|iPhoneSimulator.Deploy.0 = Debug|Any CPU
		{874C9CAF-BEA8-4ECC-97A9-A31CCFDE9A5C}.Debug|x64.ActiveCfg = Debug|Any CPU
		{874C9CAF-BEA8-4ECC-97A9-A31CCFDE9A5C}.Debug|x64.Build.0 = Debug|Any CPU
		{874C9CAF-BEA8-4ECC-97A9-A31CCFDE9A5C}.Debug|x64.Deploy.0 = Debug|Any CPU
		{874C9CAF-BEA8-4ECC-97A9-A31CCFDE9A5C}.Debug|x86.ActiveCfg = Debug|x86
		{874C9CAF-BEA8-4ECC-97A9-A31CCFDE9A5C}.Debug|x86.Build.0 = Debug|x86
		{874C9CAF-BEA8-4ECC-97A9-A31CCFDE9A5C}.Debug|x86.Deploy.0 = Debug|x86
		{874C9CAF-BEA8-4ECC-97A9-A31CCFDE9A5C}.Release|Any CPU.ActiveCfg = Release|Any CPU
		{874C9CAF-BEA8-4ECC-97A9-A31CCFDE9A5C}.Release|Any CPU.Build.0 = Release|Any CPU
		{874C9CAF-BEA8-4ECC-97A9-A31CCFDE9A5C}.Release|Any CPU.Deploy.0 = Release|Any CPU
		{874C9CAF-BEA8-4ECC-97A9-A31CCFDE9A5C}.Release|ARM.ActiveCfg = Release|ARM
		{874C9CAF-BEA8-4ECC-97A9-A31CCFDE9A5C}.Release|ARM.Build.0 = Release|ARM
		{874C9CAF-BEA8-4ECC-97A9-A31CCFDE9A5C}.Release|ARM.Deploy.0 = Release|ARM
		{874C9CAF-BEA8-4ECC-97A9-A31CCFDE9A5C}.Release|iPhone.ActiveCfg = Release|Any CPU
		{874C9CAF-BEA8-4ECC-97A9-A31CCFDE9A5C}.Release|iPhone.Build.0 = Release|Any CPU
		{874C9CAF-BEA8-4ECC-97A9-A31CCFDE9A5C}.Release|iPhone.Deploy.0 = Release|Any CPU
		{874C9CAF-BEA8-4ECC-97A9-A31CCFDE9A5C}.Release|iPhoneSimulator.ActiveCfg = Release|Any CPU
		{874C9CAF-BEA8-4ECC-97A9-A31CCFDE9A5C}.Release|iPhoneSimulator.Build.0 = Release|Any CPU
		{874C9CAF-BEA8-4ECC-97A9-A31CCFDE9A5C}.Release|iPhoneSimulator.Deploy.0 = Release|Any CPU
		{874C9CAF-BEA8-4ECC-97A9-A31CCFDE9A5C}.Release|x64.ActiveCfg = Release|Any CPU
		{874C9CAF-BEA8-4ECC-97A9-A31CCFDE9A5C}.Release|x64.Build.0 = Release|Any CPU
		{874C9CAF-BEA8-4ECC-97A9-A31CCFDE9A5C}.Release|x64.Deploy.0 = Release|Any CPU
		{874C9CAF-BEA8-4ECC-97A9-A31CCFDE9A5C}.Release|x86.ActiveCfg = Release|x86
		{874C9CAF-BEA8-4ECC-97A9-A31CCFDE9A5C}.Release|x86.Build.0 = Release|x86
		{874C9CAF-BEA8-4ECC-97A9-A31CCFDE9A5C}.Release|x86.Deploy.0 = Release|x86
		{3C094414-D140-4CA4-B3B3-88084296322E}.Ad-Hoc|Any CPU.ActiveCfg = Release|x86
		{3C094414-D140-4CA4-B3B3-88084296322E}.Ad-Hoc|Any CPU.Build.0 = Release|x86
		{3C094414-D140-4CA4-B3B3-88084296322E}.Ad-Hoc|Any CPU.Deploy.0 = Release|x86
		{3C094414-D140-4CA4-B3B3-88084296322E}.Ad-Hoc|ARM.ActiveCfg = Release|ARM
		{3C094414-D140-4CA4-B3B3-88084296322E}.Ad-Hoc|ARM.Build.0 = Release|ARM
		{3C094414-D140-4CA4-B3B3-88084296322E}.Ad-Hoc|ARM.Deploy.0 = Release|ARM
		{3C094414-D140-4CA4-B3B3-88084296322E}.Ad-Hoc|iPhone.ActiveCfg = Release|x86
		{3C094414-D140-4CA4-B3B3-88084296322E}.Ad-Hoc|iPhone.Build.0 = Release|x86
		{3C094414-D140-4CA4-B3B3-88084296322E}.Ad-Hoc|iPhone.Deploy.0 = Release|x86
		{3C094414-D140-4CA4-B3B3-88084296322E}.Ad-Hoc|iPhoneSimulator.ActiveCfg = Release|x86
		{3C094414-D140-4CA4-B3B3-88084296322E}.Ad-Hoc|iPhoneSimulator.Build.0 = Release|x86
		{3C094414-D140-4CA4-B3B3-88084296322E}.Ad-Hoc|iPhoneSimulator.Deploy.0 = Release|x86
		{3C094414-D140-4CA4-B3B3-88084296322E}.Ad-Hoc|x64.ActiveCfg = Release|x64
		{3C094414-D140-4CA4-B3B3-88084296322E}.Ad-Hoc|x64.Build.0 = Release|x64
		{3C094414-D140-4CA4-B3B3-88084296322E}.Ad-Hoc|x64.Deploy.0 = Release|x64
		{3C094414-D140-4CA4-B3B3-88084296322E}.Ad-Hoc|x86.ActiveCfg = Release|x86
		{3C094414-D140-4CA4-B3B3-88084296322E}.Ad-Hoc|x86.Build.0 = Release|x86
		{3C094414-D140-4CA4-B3B3-88084296322E}.Ad-Hoc|x86.Deploy.0 = Release|x86
		{3C094414-D140-4CA4-B3B3-88084296322E}.AppStore|Any CPU.ActiveCfg = Release|x86
		{3C094414-D140-4CA4-B3B3-88084296322E}.AppStore|Any CPU.Build.0 = Release|x86
		{3C094414-D140-4CA4-B3B3-88084296322E}.AppStore|Any CPU.Deploy.0 = Release|x86
		{3C094414-D140-4CA4-B3B3-88084296322E}.AppStore|ARM.ActiveCfg = Release|ARM
		{3C094414-D140-4CA4-B3B3-88084296322E}.AppStore|ARM.Build.0 = Release|ARM
		{3C094414-D140-4CA4-B3B3-88084296322E}.AppStore|ARM.Deploy.0 = Release|ARM
		{3C094414-D140-4CA4-B3B3-88084296322E}.AppStore|iPhone.ActiveCfg = Release|x86
		{3C094414-D140-4CA4-B3B3-88084296322E}.AppStore|iPhone.Build.0 = Release|x86
		{3C094414-D140-4CA4-B3B3-88084296322E}.AppStore|iPhone.Deploy.0 = Release|x86
		{3C094414-D140-4CA4-B3B3-88084296322E}.AppStore|iPhoneSimulator.ActiveCfg = Release|x86
		{3C094414-D140-4CA4-B3B3-88084296322E}.AppStore|iPhoneSimulator.Build.0 = Release|x86
		{3C094414-D140-4CA4-B3B3-88084296322E}.AppStore|iPhoneSimulator.Deploy.0 = Release|x86
		{3C094414-D140-4CA4-B3B3-88084296322E}.AppStore|x64.ActiveCfg = Release|x64
		{3C094414-D140-4CA4-B3B3-88084296322E}.AppStore|x64.Build.0 = Release|x64
		{3C094414-D140-4CA4-B3B3-88084296322E}.AppStore|x64.Deploy.0 = Release|x64
		{3C094414-D140-4CA4-B3B3-88084296322E}.AppStore|x86.ActiveCfg = Release|x86
		{3C094414-D140-4CA4-B3B3-88084296322E}.AppStore|x86.Build.0 = Release|x86
		{3C094414-D140-4CA4-B3B3-88084296322E}.AppStore|x86.Deploy.0 = Release|x86
		{3C094414-D140-4CA4-B3B3-88084296322E}.Debug|Any CPU.ActiveCfg = Debug|x86
		{3C094414-D140-4CA4-B3B3-88084296322E}.Debug|Any CPU.Build.0 = Debug|x86
		{3C094414-D140-4CA4-B3B3-88084296322E}.Debug|Any CPU.Deploy.0 = Debug|x86
		{3C094414-D140-4CA4-B3B3-88084296322E}.Debug|ARM.ActiveCfg = Debug|ARM
		{3C094414-D140-4CA4-B3B3-88084296322E}.Debug|ARM.Build.0 = Debug|ARM
		{3C094414-D140-4CA4-B3B3-88084296322E}.Debug|ARM.Deploy.0 = Debug|ARM
		{3C094414-D140-4CA4-B3B3-88084296322E}.Debug|iPhone.ActiveCfg = Debug|x86
		{3C094414-D140-4CA4-B3B3-88084296322E}.Debug|iPhoneSimulator.ActiveCfg = Debug|x86
		{3C094414-D140-4CA4-B3B3-88084296322E}.Debug|x64.ActiveCfg = Debug|x64
		{3C094414-D140-4CA4-B3B3-88084296322E}.Debug|x64.Build.0 = Debug|x64
		{3C094414-D140-4CA4-B3B3-88084296322E}.Debug|x64.Deploy.0 = Debug|x64
		{3C094414-D140-4CA4-B3B3-88084296322E}.Debug|x86.ActiveCfg = Debug|x86
		{3C094414-D140-4CA4-B3B3-88084296322E}.Debug|x86.Build.0 = Debug|x86
		{3C094414-D140-4CA4-B3B3-88084296322E}.Debug|x86.Deploy.0 = Debug|x86
		{3C094414-D140-4CA4-B3B3-88084296322E}.Release|Any CPU.ActiveCfg = Release|x86
		{3C094414-D140-4CA4-B3B3-88084296322E}.Release|ARM.ActiveCfg = Release|ARM
		{3C094414-D140-4CA4-B3B3-88084296322E}.Release|ARM.Build.0 = Release|ARM
		{3C094414-D140-4CA4-B3B3-88084296322E}.Release|ARM.Deploy.0 = Release|ARM
		{3C094414-D140-4CA4-B3B3-88084296322E}.Release|iPhone.ActiveCfg = Release|x86
		{3C094414-D140-4CA4-B3B3-88084296322E}.Release|iPhoneSimulator.ActiveCfg = Release|x86
		{3C094414-D140-4CA4-B3B3-88084296322E}.Release|x64.ActiveCfg = Release|x64
		{3C094414-D140-4CA4-B3B3-88084296322E}.Release|x64.Build.0 = Release|x64
		{3C094414-D140-4CA4-B3B3-88084296322E}.Release|x64.Deploy.0 = Release|x64
		{3C094414-D140-4CA4-B3B3-88084296322E}.Release|x86.ActiveCfg = Release|x86
		{3C094414-D140-4CA4-B3B3-88084296322E}.Release|x86.Build.0 = Release|x86
		{3C094414-D140-4CA4-B3B3-88084296322E}.Release|x86.Deploy.0 = Release|x86
		{AAE55887-C035-4CA2-9C3C-6459CA7CC1DF}.Ad-Hoc|Any CPU.ActiveCfg = Release|Any CPU
		{AAE55887-C035-4CA2-9C3C-6459CA7CC1DF}.Ad-Hoc|Any CPU.Build.0 = Release|Any CPU
		{AAE55887-C035-4CA2-9C3C-6459CA7CC1DF}.Ad-Hoc|Any CPU.Deploy.0 = Release|Any CPU
		{AAE55887-C035-4CA2-9C3C-6459CA7CC1DF}.Ad-Hoc|ARM.ActiveCfg = Release|ARM
		{AAE55887-C035-4CA2-9C3C-6459CA7CC1DF}.Ad-Hoc|ARM.Build.0 = Release|ARM
		{AAE55887-C035-4CA2-9C3C-6459CA7CC1DF}.Ad-Hoc|ARM.Deploy.0 = Release|ARM
		{AAE55887-C035-4CA2-9C3C-6459CA7CC1DF}.Ad-Hoc|iPhone.ActiveCfg = Release|Any CPU
		{AAE55887-C035-4CA2-9C3C-6459CA7CC1DF}.Ad-Hoc|iPhone.Build.0 = Release|Any CPU
		{AAE55887-C035-4CA2-9C3C-6459CA7CC1DF}.Ad-Hoc|iPhone.Deploy.0 = Release|Any CPU
		{AAE55887-C035-4CA2-9C3C-6459CA7CC1DF}.Ad-Hoc|iPhoneSimulator.ActiveCfg = Release|Any CPU
		{AAE55887-C035-4CA2-9C3C-6459CA7CC1DF}.Ad-Hoc|iPhoneSimulator.Build.0 = Release|Any CPU
		{AAE55887-C035-4CA2-9C3C-6459CA7CC1DF}.Ad-Hoc|iPhoneSimulator.Deploy.0 = Release|Any CPU
		{AAE55887-C035-4CA2-9C3C-6459CA7CC1DF}.Ad-Hoc|x64.ActiveCfg = Release|x64
		{AAE55887-C035-4CA2-9C3C-6459CA7CC1DF}.Ad-Hoc|x64.Build.0 = Release|x64
		{AAE55887-C035-4CA2-9C3C-6459CA7CC1DF}.Ad-Hoc|x64.Deploy.0 = Release|x64
		{AAE55887-C035-4CA2-9C3C-6459CA7CC1DF}.Ad-Hoc|x86.ActiveCfg = Release|x86
		{AAE55887-C035-4CA2-9C3C-6459CA7CC1DF}.Ad-Hoc|x86.Build.0 = Release|x86
		{AAE55887-C035-4CA2-9C3C-6459CA7CC1DF}.Ad-Hoc|x86.Deploy.0 = Release|x86
		{AAE55887-C035-4CA2-9C3C-6459CA7CC1DF}.AppStore|Any CPU.ActiveCfg = Release|Any CPU
		{AAE55887-C035-4CA2-9C3C-6459CA7CC1DF}.AppStore|Any CPU.Build.0 = Release|Any CPU
		{AAE55887-C035-4CA2-9C3C-6459CA7CC1DF}.AppStore|Any CPU.Deploy.0 = Release|Any CPU
		{AAE55887-C035-4CA2-9C3C-6459CA7CC1DF}.AppStore|ARM.ActiveCfg = Release|ARM
		{AAE55887-C035-4CA2-9C3C-6459CA7CC1DF}.AppStore|ARM.Build.0 = Release|ARM
		{AAE55887-C035-4CA2-9C3C-6459CA7CC1DF}.AppStore|ARM.Deploy.0 = Release|ARM
		{AAE55887-C035-4CA2-9C3C-6459CA7CC1DF}.AppStore|iPhone.ActiveCfg = Release|Any CPU
		{AAE55887-C035-4CA2-9C3C-6459CA7CC1DF}.AppStore|iPhone.Build.0 = Release|Any CPU
		{AAE55887-C035-4CA2-9C3C-6459CA7CC1DF}.AppStore|iPhone.Deploy.0 = Release|Any CPU
		{AAE55887-C035-4CA2-9C3C-6459CA7CC1DF}.AppStore|iPhoneSimulator.ActiveCfg = Release|Any CPU
		{AAE55887-C035-4CA2-9C3C-6459CA7CC1DF}.AppStore|iPhoneSimulator.Build.0 = Release|Any CPU
		{AAE55887-C035-4CA2-9C3C-6459CA7CC1DF}.AppStore|iPhoneSimulator.Deploy.0 = Release|Any CPU
		{AAE55887-C035-4CA2-9C3C-6459CA7CC1DF}.AppStore|x64.ActiveCfg = Release|x64
		{AAE55887-C035-4CA2-9C3C-6459CA7CC1DF}.AppStore|x64.Build.0 = Release|x64
		{AAE55887-C035-4CA2-9C3C-6459CA7CC1DF}.AppStore|x64.Deploy.0 = Release|x64
		{AAE55887-C035-4CA2-9C3C-6459CA7CC1DF}.AppStore|x86.ActiveCfg = Release|x86
		{AAE55887-C035-4CA2-9C3C-6459CA7CC1DF}.AppStore|x86.Build.0 = Release|x86
		{AAE55887-C035-4CA2-9C3C-6459CA7CC1DF}.AppStore|x86.Deploy.0 = Release|x86
		{AAE55887-C035-4CA2-9C3C-6459CA7CC1DF}.Debug|Any CPU.ActiveCfg = Debug|Any CPU
		{AAE55887-C035-4CA2-9C3C-6459CA7CC1DF}.Debug|Any CPU.Build.0 = Debug|Any CPU
		{AAE55887-C035-4CA2-9C3C-6459CA7CC1DF}.Debug|Any CPU.Deploy.0 = Debug|Any CPU
		{AAE55887-C035-4CA2-9C3C-6459CA7CC1DF}.Debug|ARM.ActiveCfg = Debug|ARM
		{AAE55887-C035-4CA2-9C3C-6459CA7CC1DF}.Debug|ARM.Build.0 = Debug|ARM
		{AAE55887-C035-4CA2-9C3C-6459CA7CC1DF}.Debug|ARM.Deploy.0 = Debug|ARM
		{AAE55887-C035-4CA2-9C3C-6459CA7CC1DF}.Debug|iPhone.ActiveCfg = Debug|Any CPU
		{AAE55887-C035-4CA2-9C3C-6459CA7CC1DF}.Debug|iPhone.Build.0 = Debug|Any CPU
		{AAE55887-C035-4CA2-9C3C-6459CA7CC1DF}.Debug|iPhone.Deploy.0 = Debug|Any CPU
		{AAE55887-C035-4CA2-9C3C-6459CA7CC1DF}.Debug|iPhoneSimulator.ActiveCfg = Debug|Any CPU
		{AAE55887-C035-4CA2-9C3C-6459CA7CC1DF}.Debug|iPhoneSimulator.Build.0 = Debug|Any CPU
		{AAE55887-C035-4CA2-9C3C-6459CA7CC1DF}.Debug|iPhoneSimulator.Deploy.0 = Debug|Any CPU
		{AAE55887-C035-4CA2-9C3C-6459CA7CC1DF}.Debug|x64.ActiveCfg = Debug|x64
		{AAE55887-C035-4CA2-9C3C-6459CA7CC1DF}.Debug|x64.Build.0 = Debug|x64
		{AAE55887-C035-4CA2-9C3C-6459CA7CC1DF}.Debug|x64.Deploy.0 = Debug|x64
		{AAE55887-C035-4CA2-9C3C-6459CA7CC1DF}.Debug|x86.ActiveCfg = Debug|x86
		{AAE55887-C035-4CA2-9C3C-6459CA7CC1DF}.Debug|x86.Build.0 = Debug|x86
		{AAE55887-C035-4CA2-9C3C-6459CA7CC1DF}.Debug|x86.Deploy.0 = Debug|x86
		{AAE55887-C035-4CA2-9C3C-6459CA7CC1DF}.Release|Any CPU.ActiveCfg = Release|Any CPU
		{AAE55887-C035-4CA2-9C3C-6459CA7CC1DF}.Release|Any CPU.Build.0 = Release|Any CPU
		{AAE55887-C035-4CA2-9C3C-6459CA7CC1DF}.Release|Any CPU.Deploy.0 = Release|Any CPU
		{AAE55887-C035-4CA2-9C3C-6459CA7CC1DF}.Release|ARM.ActiveCfg = Release|ARM
		{AAE55887-C035-4CA2-9C3C-6459CA7CC1DF}.Release|ARM.Build.0 = Release|ARM
		{AAE55887-C035-4CA2-9C3C-6459CA7CC1DF}.Release|ARM.Deploy.0 = Release|ARM
		{AAE55887-C035-4CA2-9C3C-6459CA7CC1DF}.Release|iPhone.ActiveCfg = Release|Any CPU
		{AAE55887-C035-4CA2-9C3C-6459CA7CC1DF}.Release|iPhone.Build.0 = Release|Any CPU
		{AAE55887-C035-4CA2-9C3C-6459CA7CC1DF}.Release|iPhone.Deploy.0 = Release|Any CPU
		{AAE55887-C035-4CA2-9C3C-6459CA7CC1DF}.Release|iPhoneSimulator.ActiveCfg = Release|Any CPU
		{AAE55887-C035-4CA2-9C3C-6459CA7CC1DF}.Release|iPhoneSimulator.Build.0 = Release|Any CPU
		{AAE55887-C035-4CA2-9C3C-6459CA7CC1DF}.Release|iPhoneSimulator.Deploy.0 = Release|Any CPU
		{AAE55887-C035-4CA2-9C3C-6459CA7CC1DF}.Release|x64.ActiveCfg = Release|x64
		{AAE55887-C035-4CA2-9C3C-6459CA7CC1DF}.Release|x64.Build.0 = Release|x64
		{AAE55887-C035-4CA2-9C3C-6459CA7CC1DF}.Release|x64.Deploy.0 = Release|x64
		{AAE55887-C035-4CA2-9C3C-6459CA7CC1DF}.Release|x86.ActiveCfg = Release|x86
		{AAE55887-C035-4CA2-9C3C-6459CA7CC1DF}.Release|x86.Build.0 = Release|x86
		{AAE55887-C035-4CA2-9C3C-6459CA7CC1DF}.Release|x86.Deploy.0 = Release|x86
		{A7EA3FC7-6702-45CB-BE32-A890BBDCA236}.Ad-Hoc|Any CPU.ActiveCfg = Release|Any CPU
		{A7EA3FC7-6702-45CB-BE32-A890BBDCA236}.Ad-Hoc|Any CPU.Build.0 = Release|Any CPU
		{A7EA3FC7-6702-45CB-BE32-A890BBDCA236}.Ad-Hoc|ARM.ActiveCfg = Release|Any CPU
		{A7EA3FC7-6702-45CB-BE32-A890BBDCA236}.Ad-Hoc|ARM.Build.0 = Release|Any CPU
		{A7EA3FC7-6702-45CB-BE32-A890BBDCA236}.Ad-Hoc|iPhone.ActiveCfg = Release|Any CPU
		{A7EA3FC7-6702-45CB-BE32-A890BBDCA236}.Ad-Hoc|iPhone.Build.0 = Release|Any CPU
		{A7EA3FC7-6702-45CB-BE32-A890BBDCA236}.Ad-Hoc|iPhoneSimulator.ActiveCfg = Release|Any CPU
		{A7EA3FC7-6702-45CB-BE32-A890BBDCA236}.Ad-Hoc|iPhoneSimulator.Build.0 = Release|Any CPU
		{A7EA3FC7-6702-45CB-BE32-A890BBDCA236}.Ad-Hoc|x64.ActiveCfg = Release|Any CPU
		{A7EA3FC7-6702-45CB-BE32-A890BBDCA236}.Ad-Hoc|x64.Build.0 = Release|Any CPU
		{A7EA3FC7-6702-45CB-BE32-A890BBDCA236}.Ad-Hoc|x86.ActiveCfg = Release|Any CPU
		{A7EA3FC7-6702-45CB-BE32-A890BBDCA236}.Ad-Hoc|x86.Build.0 = Release|Any CPU
		{A7EA3FC7-6702-45CB-BE32-A890BBDCA236}.AppStore|Any CPU.ActiveCfg = Release|Any CPU
		{A7EA3FC7-6702-45CB-BE32-A890BBDCA236}.AppStore|Any CPU.Build.0 = Release|Any CPU
		{A7EA3FC7-6702-45CB-BE32-A890BBDCA236}.AppStore|ARM.ActiveCfg = Release|Any CPU
		{A7EA3FC7-6702-45CB-BE32-A890BBDCA236}.AppStore|ARM.Build.0 = Release|Any CPU
		{A7EA3FC7-6702-45CB-BE32-A890BBDCA236}.AppStore|iPhone.ActiveCfg = Release|Any CPU
		{A7EA3FC7-6702-45CB-BE32-A890BBDCA236}.AppStore|iPhone.Build.0 = Release|Any CPU
		{A7EA3FC7-6702-45CB-BE32-A890BBDCA236}.AppStore|iPhoneSimulator.ActiveCfg = Release|Any CPU
		{A7EA3FC7-6702-45CB-BE32-A890BBDCA236}.AppStore|iPhoneSimulator.Build.0 = Release|Any CPU
		{A7EA3FC7-6702-45CB-BE32-A890BBDCA236}.AppStore|x64.ActiveCfg = Release|Any CPU
		{A7EA3FC7-6702-45CB-BE32-A890BBDCA236}.AppStore|x64.Build.0 = Release|Any CPU
		{A7EA3FC7-6702-45CB-BE32-A890BBDCA236}.AppStore|x86.ActiveCfg = Release|Any CPU
		{A7EA3FC7-6702-45CB-BE32-A890BBDCA236}.AppStore|x86.Build.0 = Release|Any CPU
		{A7EA3FC7-6702-45CB-BE32-A890BBDCA236}.Debug|Any CPU.ActiveCfg = Debug|Any CPU
		{A7EA3FC7-6702-45CB-BE32-A890BBDCA236}.Debug|Any CPU.Build.0 = Debug|Any CPU
		{A7EA3FC7-6702-45CB-BE32-A890BBDCA236}.Debug|ARM.ActiveCfg = Debug|Any CPU
		{A7EA3FC7-6702-45CB-BE32-A890BBDCA236}.Debug|ARM.Build.0 = Debug|Any CPU
		{A7EA3FC7-6702-45CB-BE32-A890BBDCA236}.Debug|iPhone.ActiveCfg = Debug|Any CPU
		{A7EA3FC7-6702-45CB-BE32-A890BBDCA236}.Debug|iPhone.Build.0 = Debug|Any CPU
		{A7EA3FC7-6702-45CB-BE32-A890BBDCA236}.Debug|iPhoneSimulator.ActiveCfg = Debug|Any CPU
		{A7EA3FC7-6702-45CB-BE32-A890BBDCA236}.Debug|iPhoneSimulator.Build.0 = Debug|Any CPU
		{A7EA3FC7-6702-45CB-BE32-A890BBDCA236}.Debug|x64.ActiveCfg = Debug|Any CPU
		{A7EA3FC7-6702-45CB-BE32-A890BBDCA236}.Debug|x64.Build.0 = Debug|Any CPU
		{A7EA3FC7-6702-45CB-BE32-A890BBDCA236}.Debug|x86.ActiveCfg = Debug|Any CPU
		{A7EA3FC7-6702-45CB-BE32-A890BBDCA236}.Debug|x86.Build.0 = Debug|Any CPU
		{A7EA3FC7-6702-45CB-BE32-A890BBDCA236}.Release|Any CPU.ActiveCfg = Release|Any CPU
		{A7EA3FC7-6702-45CB-BE32-A890BBDCA236}.Release|Any CPU.Build.0 = Release|Any CPU
		{A7EA3FC7-6702-45CB-BE32-A890BBDCA236}.Release|ARM.ActiveCfg = Release|Any CPU
		{A7EA3FC7-6702-45CB-BE32-A890BBDCA236}.Release|ARM.Build.0 = Release|Any CPU
		{A7EA3FC7-6702-45CB-BE32-A890BBDCA236}.Release|iPhone.ActiveCfg = Release|Any CPU
		{A7EA3FC7-6702-45CB-BE32-A890BBDCA236}.Release|iPhone.Build.0 = Release|Any CPU
		{A7EA3FC7-6702-45CB-BE32-A890BBDCA236}.Release|iPhoneSimulator.ActiveCfg = Release|Any CPU
		{A7EA3FC7-6702-45CB-BE32-A890BBDCA236}.Release|iPhoneSimulator.Build.0 = Release|Any CPU
		{A7EA3FC7-6702-45CB-BE32-A890BBDCA236}.Release|x64.ActiveCfg = Release|Any CPU
		{A7EA3FC7-6702-45CB-BE32-A890BBDCA236}.Release|x64.Build.0 = Release|Any CPU
		{A7EA3FC7-6702-45CB-BE32-A890BBDCA236}.Release|x86.ActiveCfg = Release|Any CPU
		{A7EA3FC7-6702-45CB-BE32-A890BBDCA236}.Release|x86.Build.0 = Release|Any CPU
	EndGlobalSection
	GlobalSection(SolutionProperties) = preSolution
		HideSolutionNode = FALSE
	EndGlobalSection
EndGlobal
